
Microsoft Visual Studio Solution File, Format Version 12.00
# Visual Studio 15
VisualStudioVersion = 15.0.26124.0
MinimumVisualStudioVersion = 15.0.26124.0
Project("{FAE04EC0-301F-11D3-BF4B-00C04F79EFBC}") = "Sibusten.Philomena.Downloader", "Sibusten.Philomena.Downloader\Sibusten.Philomena.Downloader.csproj", "{B87E2658-1E96-4B9F-8234-743354EB3A99}"
EndProject
Project("{FAE04EC0-301F-11D3-BF4B-00C04F79EFBC}") = "Sibusten.Philomena.Downloader.Cmd", "Sibusten.Philomena.Downloader.Cmd\Sibusten.Philomena.Downloader.Cmd.csproj", "{93915215-F839-4DAC-814F-E444164B9604}"
EndProject
Global
	GlobalSection(SolutionConfigurationPlatforms) = preSolution
		Debug|Any CPU = Debug|Any CPU
		Debug|x64 = Debug|x64
		Debug|x86 = Debug|x86
		Release|Any CPU = Release|Any CPU
		Release|x64 = Release|x64
		Release|x86 = Release|x86
	EndGlobalSection
	GlobalSection(SolutionProperties) = preSolution
		HideSolutionNode = FALSE
	EndGlobalSection
	GlobalSection(ProjectConfigurationPlatforms) = postSolution
		{B87E2658-1E96-4B9F-8234-743354EB3A99}.Debug|Any CPU.ActiveCfg = Debug|Any CPU
		{B87E2658-1E96-4B9F-8234-743354EB3A99}.Debug|Any CPU.Build.0 = Debug|Any CPU
		{B87E2658-1E96-4B9F-8234-743354EB3A99}.Debug|x64.ActiveCfg = Debug|Any CPU
		{B87E2658-1E96-4B9F-8234-743354EB3A99}.Debug|x64.Build.0 = Debug|Any CPU
		{B87E2658-1E96-4B9F-8234-743354EB3A99}.Debug|x86.ActiveCfg = Debug|Any CPU
		{B87E2658-1E96-4B9F-8234-743354EB3A99}.Debug|x86.Build.0 = Debug|Any CPU
		{B87E2658-1E96-4B9F-8234-743354EB3A99}.Release|Any CPU.ActiveCfg = Release|Any CPU
		{B87E2658-1E96-4B9F-8234-743354EB3A99}.Release|Any CPU.Build.0 = Release|Any CPU
		{B87E2658-1E96-4B9F-8234-743354EB3A99}.Release|x64.ActiveCfg = Release|Any CPU
		{B87E2658-1E96-4B9F-8234-743354EB3A99}.Release|x64.Build.0 = Release|Any CPU
		{B87E2658-1E96-4B9F-8234-743354EB3A99}.Release|x86.ActiveCfg = Release|Any CPU
		{B87E2658-1E96-4B9F-8234-743354EB3A99}.Release|x86.Build.0 = Release|Any CPU
		{93915215-F839-4DAC-814F-E444164B9604}.Debug|Any CPU.ActiveCfg = Debug|Any CPU
		{93915215-F839-4DAC-814F-E444164B9604}.Debug|Any CPU.Build.0 = Debug|Any CPU
		{93915215-F839-4DAC-814F-E444164B9604}.Debug|x64.ActiveCfg = Debug|Any CPU
		{93915215-F839-4DAC-814F-E444164B9604}.Debug|x64.Build.0 = Debug|Any CPU
		{93915215-F839-4DAC-814F-E444164B9604}.Debug|x86.ActiveCfg = Debug|Any CPU
		{93915215-F839-4DAC-814F-E444164B9604}.Debug|x86.Build.0 = Debug|Any CPU
		{93915215-F839-4DAC-814F-E444164B9604}.Release|Any CPU.ActiveCfg = Release|Any CPU
		{93915215-F839-4DAC-814F-E444164B9604}.Release|Any CPU.Build.0 = Release|Any CPU
		{93915215-F839-4DAC-814F-E444164B9604}.Release|x64.ActiveCfg = Release|Any CPU
		{93915215-F839-4DAC-814F-E444164B9604}.Release|x64.Build.0 = Release|Any CPU
		{93915215-F839-4DAC-814F-E444164B9604}.Release|x86.ActiveCfg = Release|Any CPU
		{93915215-F839-4DAC-814F-E444164B9604}.Release|x86.Build.0 = Release|Any CPU
	EndGlobalSection
EndGlobal
